
Microsoft Visual Studio Solution File, Format Version 12.00
# Visual Studio 2017
Project("{FAE04EC0-301F-11D3-BF4B-00C04F79EFBC}") = "theUltimateArcher_1.2.Plugins", "theUltimateArcher_1.2.Plugins.csproj", "{A410C919-8821-B0D5-B453-1AA87C3678C6}"
EndProject
Project("{FAE04EC0-301F-11D3-BF4B-00C04F79EFBC}") = "theUltimateArcher_1.2", "theUltimateArcher_1.2.csproj", "{8C072FC0-A21A-8F22-38DD-FF0384485465}"
EndProject
Global
	GlobalSection(SolutionConfigurationPlatforms) = preSolution
		Debug|Any CPU = Debug|Any CPU
		Release|Any CPU = Release|Any CPU
	EndGlobalSection
	GlobalSection(ProjectConfigurationPlatforms) = postSolution
		{A410C919-8821-B0D5-B453-1AA87C3678C6}.Debug|Any CPU.ActiveCfg = Debug|Any CPU
		{A410C919-8821-B0D5-B453-1AA87C3678C6}.Debug|Any CPU.Build.0 = Debug|Any CPU
		{A410C919-8821-B0D5-B453-1AA87C3678C6}.Release|Any CPU.ActiveCfg = Release|Any CPU
		{A410C919-8821-B0D5-B453-1AA87C3678C6}.Release|Any CPU.Build.0 = Release|Any CPU
		{8C072FC0-A21A-8F22-38DD-FF0384485465}.Debug|Any CPU.ActiveCfg = Debug|Any CPU
		{8C072FC0-A21A-8F22-38DD-FF0384485465}.Debug|Any CPU.Build.0 = Debug|Any CPU
		{8C072FC0-A21A-8F22-38DD-FF0384485465}.Release|Any CPU.ActiveCfg = Release|Any CPU
		{8C072FC0-A21A-8F22-38DD-FF0384485465}.Release|Any CPU.Build.0 = Release|Any CPU
	EndGlobalSection
	GlobalSection(SolutionProperties) = preSolution
		HideSolutionNode = FALSE
	EndGlobalSection
EndGlobal
